
Microsoft Visual Studio Solution File, Format Version 11.00
# Visual C++ Express 2010
Project("{8BC9CEB8-8B4A-11D0-8D11-00A0C91BC942}") = "sxengen", "sxengen\sxengen.vcxproj", "{3F7EDA74-20E5-4730-8E91-10D6319B7A5F}"
EndProject
Global
	GlobalSection(SolutionConfigurationPlatforms) = preSolution
		Debug|Win32 = Debug|Win32
		Release|Win32 = Release|Win32
	EndGlobalSection
	GlobalSection(ProjectConfigurationPlatforms) = postSolution
		{3F7EDA74-20E5-4730-8E91-10D6319B7A5F}.Debug|Win32.ActiveCfg = Debug|Win32
		{3F7EDA74-20E5-4730-8E91-10D6319B7A5F}.Debug|Win32.Build.0 = Debug|Win32
		{3F7EDA74-20E5-4730-8E91-10D6319B7A5F}.Release|Win32.ActiveCfg = Release|Win32
		{3F7EDA74-20E5-4730-8E91-10D6319B7A5F}.Release|Win32.Build.0 = Release|Win32
	EndGlobalSection
	GlobalSection(SolutionProperties) = preSolution
		HideSolutionNode = FALSE
	EndGlobalSection
EndGlobal
